
Microsoft Visual Studio Solution File, Format Version 12.00
# Visual Studio Version 17
VisualStudioVersion = 17.12.35527.113 d17.12
MinimumVisualStudioVersion = 10.0.40219.1
Project("{FAE04EC0-301F-11D3-BF4B-00C04F79EFBC}") = "HotelApplication", "HotelApplication.Pl\HotelApplication.csproj", "{BDB12225-134A-4711-84B0-252106DDBECE}"
EndProject
Global
	GlobalSection(SolutionConfigurationPlatforms) = preSolution
		Debug|Any CPU = Debug|Any CPU
		Release|Any CPU = Release|Any CPU
	EndGlobalSection
	GlobalSection(ProjectConfigurationPlatforms) = postSolution
		{BDB12225-134A-4711-84B0-252106DDBECE}.Debug|Any CPU.ActiveCfg = Debug|Any CPU
		{BDB12225-134A-4711-84B0-252106DDBECE}.Debug|Any CPU.Build.0 = Debug|Any CPU
		{BDB12225-134A-4711-84B0-252106DDBECE}.Release|Any CPU.ActiveCfg = Release|Any CPU
		{BDB12225-134A-4711-84B0-252106DDBECE}.Release|Any CPU.Build.0 = Release|Any CPU
	EndGlobalSection
	GlobalSection(SolutionProperties) = preSolution
		HideSolutionNode = FALSE
	EndGlobalSection
EndGlobal
